{
  "name": "INGSW-Project",
  "lockfileVersion": 3,
  "requires": true,
  "packages": {
    "": {
      "dependencies": {
        "@iconify/react": "^5.1.0"
      }
    },
    "node_modules/@iconify/react": {
      "version": "5.1.0",
      "resolved": "https://registry.npmjs.org/@iconify/react/-/react-5.1.0.tgz",
      "integrity": "sha512-vj2wzalywy23DR37AnsogMPIkDa1nKEqITjxpH4z44tiLV869Mh7VyydD4/t0yJLEs9tsxlrPWtXvMOe1Lcd5g==",
      "license": "MIT",
      "dependencies": {
        "@iconify/types": "^2.0.0"
      },
      "funding": {
        "url": "https://github.com/sponsors/cyberalien"
      },
      "peerDependencies": {
        "react": ">=16"
      }
    },
    "node_modules/@iconify/types": {
      "version": "2.0.0",
      "resolved": "https://registry.npmjs.org/@iconify/types/-/types-2.0.0.tgz",
      "integrity": "sha512-+wluvCrRhXrhyOmRDJ3q8mux9JkKy5SJ/v8ol2tu4FVjyYvtEzkc/3pK15ET6RKg4b4w4BmTk1+gsCUhf21Ykg==",
      "license": "MIT"
    },
    "node_modules/react": {
      "version": "19.0.0",
      "resolved": "https://registry.npmjs.org/react/-/react-19.0.0.tgz",
      "integrity": "sha512-V8AVnmPIICiWpGfm6GLzCR/W5FXLchHop40W4nXBmdlEceh16rCN8O8LNWm5bh5XUX91fh7KpA+W0TgMKmgTpQ==",
      "license": "MIT",
      "peer": true,
      "engines": {
        "node": ">=0.10.0"
      }
    }
  }
}
